
Microsoft Visual Studio Solution File, Format Version 12.00
# Visual Studio 14
VisualStudioVersion = 14.0.25420.1
MinimumVisualStudioVersion = 10.0.40219.1
Project("{FAE04EC0-301F-11D3-BF4B-00C04F79EFBC}") = "PDFtoImage", "PDFtoImage\PDFtoImage.csproj", "{C25D7C6E-16B5-4F1B-AA4F-4C40046970A2}"
EndProject
Project("{54435603-DBB4-11D2-8724-00A0C9A8B90C}") = "PDFtoImageInstaller", "PDFtoImageInstaller\PDFtoImageInstaller.vdproj", "{A52BB48F-5D12-48D3-AFCA-981367A53DBC}"
EndProject
Global
	GlobalSection(SolutionConfigurationPlatforms) = preSolution
		Debug|x86 = Debug|x86
		Release|x86 = Release|x86
	EndGlobalSection
	GlobalSection(ProjectConfigurationPlatforms) = postSolution
		{C25D7C6E-16B5-4F1B-AA4F-4C40046970A2}.Debug|x86.ActiveCfg = Debug|x86
		{C25D7C6E-16B5-4F1B-AA4F-4C40046970A2}.Debug|x86.Build.0 = Debug|x86
		{C25D7C6E-16B5-4F1B-AA4F-4C40046970A2}.Release|x86.ActiveCfg = Release|x86
		{C25D7C6E-16B5-4F1B-AA4F-4C40046970A2}.Release|x86.Build.0 = Release|x86
		{A52BB48F-5D12-48D3-AFCA-981367A53DBC}.Debug|x86.ActiveCfg = Debug
		{A52BB48F-5D12-48D3-AFCA-981367A53DBC}.Release|x86.ActiveCfg = Release
	EndGlobalSection
	GlobalSection(SolutionProperties) = preSolution
		HideSolutionNode = FALSE
	EndGlobalSection
EndGlobal
